Microsoft Visual Studio Solution File, Format Version 11.00
# Visual Studio 2008

Project("{CF180BFD-9DB0-E672-9E69-5AA044D7A0C8}") = "SimpleRpg", "Assembly-CSharp-firstpass.csproj", "{2A3E8954-8BF1-14F5-A82B-E80FF882F54C}"
EndProject
Project("{CF180BFD-9DB0-E672-9E69-5AA044D7A0C8}") = "SimpleRpg", "Assembly-CSharp.csproj", "{B89AA5D0-B60F-B90A-6736-C621D10CA4F5}"
EndProject
Project("{CF180BFD-9DB0-E672-9E69-5AA044D7A0C8}") = "SimpleRpg", "Assembly-CSharp-Editor-firstpass.csproj", "{703A2836-B0CD-B379-9EF2-06D3B92E0E21}"
EndProject
Global
	GlobalSection(SolutionConfigurationPlatforms) = preSolution
		Debug|Any CPU = Debug|Any CPU
		Release|Any CPU = Release|Any CPU
	EndGlobalSection
	GlobalSection(ProjectConfigurationPlatforms) = postSolution
		{2A3E8954-8BF1-14F5-A82B-E80FF882F54C}.Debug|Any CPU.ActiveCfg = Debug|Any CPU
		{2A3E8954-8BF1-14F5-A82B-E80FF882F54C}.Debug|Any CPU.Build.0 = Debug|Any CPU
		{2A3E8954-8BF1-14F5-A82B-E80FF882F54C}.Release|Any CPU.ActiveCfg = Release|Any CPU
		{2A3E8954-8BF1-14F5-A82B-E80FF882F54C}.Release|Any CPU.Build.0 = Release|Any CPU
		{B89AA5D0-B60F-B90A-6736-C621D10CA4F5}.Debug|Any CPU.ActiveCfg = Debug|Any CPU
		{B89AA5D0-B60F-B90A-6736-C621D10CA4F5}.Debug|Any CPU.Build.0 = Debug|Any CPU
		{B89AA5D0-B60F-B90A-6736-C621D10CA4F5}.Release|Any CPU.ActiveCfg = Release|Any CPU
		{B89AA5D0-B60F-B90A-6736-C621D10CA4F5}.Release|Any CPU.Build.0 = Release|Any CPU
		{703A2836-B0CD-B379-9EF2-06D3B92E0E21}.Debug|Any CPU.ActiveCfg = Debug|Any CPU
		{703A2836-B0CD-B379-9EF2-06D3B92E0E21}.Debug|Any CPU.Build.0 = Debug|Any CPU
		{703A2836-B0CD-B379-9EF2-06D3B92E0E21}.Release|Any CPU.ActiveCfg = Release|Any CPU
		{703A2836-B0CD-B379-9EF2-06D3B92E0E21}.Release|Any CPU.Build.0 = Release|Any CPU
	EndGlobalSection
	GlobalSection(SolutionProperties) = preSolution
		HideSolutionNode = FALSE
	EndGlobalSection
	GlobalSection(MonoDevelopProperties) = preSolution
		StartupItem = Assembly-CSharp.csproj
	EndGlobalSection
EndGlobal
